{
  "version": 4,
  "terraform_version": "1.3.7",
  "serial": 51,
  "lineage": "bdc76e1e-b968-81dc-864b-f9470ae891e7",
  "outputs": {},
  "resources": [
    {
      "mode": "managed",
      "type": "azurerm_app_service",
      "name": "msappservice",
      "provider": "provider[\"registry.terraform.io/hashicorp/azurerm\"]",
      "instances": [
        {
          "schema_version": 0,
          "attributes": {
            "app_service_plan_id": "/subscriptions/777c3b0d-95fe-45ee-a36e-3784cc1918b1/resourceGroups/msrgiac/providers/Microsoft.Web/serverfarms/msaspiac",
            "app_settings": {
              "DOCKER_REGISTRY_SERVER_PASSWORD": "sjBYXx8sLuVC/LAx8zT5NpaI8ZxqA+/W3DIX1/GHsQ+ACRAxv9i4",
              "DOCKER_REGISTRY_SERVER_URL": "msazurecg.azurecr.io",
              "DOCKER_REGISTRY_SERVER_USERNAME": "msazurecg",
              "WEBSITES_ENABLE_APP_SERVICE_STORAGE": "false",
              "WEBSITES_PORT": "80"
            },
            "auth_settings": [
              {
                "active_directory": [],
                "additional_login_params": {},
                "allowed_external_redirect_urls": [],
                "default_provider": "",
                "enabled": false,
                "facebook": [],
                "google": [],
                "issuer": "",
                "microsoft": [],
                "runtime_version": "",
                "token_refresh_extension_hours": 0,
                "token_store_enabled": false,
                "twitter": [],
                "unauthenticated_client_action": ""
              }
            ],
            "backup": [],
            "client_affinity_enabled": false,
            "client_cert_enabled": false,
            "client_cert_mode": "Required",
            "connection_string": [],
            "custom_domain_verification_id": "FDD8FE7670073421041A8F47D6B196A9EE4356A65C0C945B88D8DB8C8AA6AE5F",
            "default_site_hostname": "mssharmaasiac.azurewebsites.net",
            "enabled": true,
            "https_only": false,
            "id": "/subscriptions/777c3b0d-95fe-45ee-a36e-3784cc1918b1/resourceGroups/msrgiac/providers/Microsoft.Web/sites/mssharmaasiac",
            "identity": [],
            "key_vault_reference_identity_id": "SystemAssigned",
            "location": "uksouth",
            "logs": [
              {
                "application_logs": [
                  {
                    "azure_blob_storage": [],
                    "file_system_level": "Off"
                  }
                ],
                "detailed_error_messages_enabled": false,
                "failed_request_tracing_enabled": false,
                "http_logs": [
                  {
                    "azure_blob_storage": [],
                    "file_system": []
                  }
                ]
              }
            ],
            "name": "mssharmaasiac",
            "outbound_ip_address_list": [
              "20.49.145.237",
              "20.49.148.163",
              "20.49.149.117",
              "20.49.150.219",
              "20.49.150.198",
              "20.49.150.54",
              "51.104.28.65"
            ],
            "outbound_ip_addresses": "20.49.145.237,20.49.148.163,20.49.149.117,20.49.150.219,20.49.150.198,20.49.150.54,51.104.28.65",
            "possible_outbound_ip_address_list": [
              "20.49.145.237",
              "20.49.148.163",
              "20.49.149.117",
              "20.49.150.219",
              "20.49.150.198",
              "20.49.150.54",
              "20.49.150.207",
              "20.49.150.208",
              "20.49.150.212",
              "20.49.151.32",
              "20.49.151.34",
              "20.49.151.36",
              "20.50.109.44",
              "20.50.109.243",
              "20.50.110.147",
              "20.50.110.228",
              "20.50.110.237",
              "20.50.111.78",
              "20.50.111.152",
              "20.49.160.94",
              "20.49.162.205",
              "20.50.105.185",
              "20.49.162.212",
              "20.49.163.18",
              "20.49.151.37",
              "20.49.148.100",
              "20.49.151.38",
              "51.132.215.56",
              "20.49.211.147",
              "20.49.211.164",
              "51.104.28.65"
            ],
            "possible_outbound_ip_addresses": "20.49.145.237,20.49.148.163,20.49.149.117,20.49.150.219,20.49.150.198,20.49.150.54,20.49.150.207,20.49.150.208,20.49.150.212,20.49.151.32,20.49.151.34,20.49.151.36,20.50.109.44,20.50.109.243,20.50.110.147,20.50.110.228,20.50.110.237,20.50.111.78,20.50.111.152,20.49.160.94,20.49.162.205,20.50.105.185,20.49.162.212,20.49.163.18,20.49.151.37,20.49.148.100,20.49.151.38,51.132.215.56,20.49.211.147,20.49.211.164,51.104.28.65",
            "resource_group_name": "msrgiac",
            "site_config": [
              {
                "acr_use_managed_identity_credentials": false,
                "acr_user_managed_identity_client_id": "",
                "always_on": true,
                "app_command_line": "",
                "auto_swap_slot_name": "",
                "cors": [
                  {
                    "allowed_origins": [],
                    "support_credentials": false
                  }
                ],
                "default_documents": [],
                "dotnet_framework_version": "v5.0",
                "ftps_state": "AllAllowed",
                "health_check_path": "",
                "http2_enabled": false,
                "ip_restriction": [],
                "java_container": "",
                "java_container_version": "",
                "java_version": "",
                "linux_fx_version": "",
                "local_mysql_enabled": false,
                "managed_pipeline_mode": "Integrated",
                "min_tls_version": "1.2",
                "number_of_workers": 1,
                "php_version": "",
                "python_version": "",
                "remote_debugging_enabled": false,
                "remote_debugging_version": "VS2019",
                "scm_ip_restriction": [],
                "scm_type": "None",
                "scm_use_main_ip_restriction": false,
                "use_32_bit_worker_process": false,
                "vnet_route_all_enabled": false,
                "websockets_enabled": false,
                "windows_fx_version": ""
              }
            ],
            "site_credential": [
              {
                "password": "jZlLSxxNNkpTxnMsEWeoxdpoYlnWxrg1k4N78x23n30lnnwj5Soc9y0ETj6R",
                "username": "$mssharmaasiac"
              }
            ],
            "source_control": [
              {
                "branch": "main",
                "manual_integration": false,
                "repo_url": "",
                "rollback_enabled": false,
                "use_mercurial": false
              }
            ],
            "storage_account": [],
            "tags": {},
            "timeouts": null
          },
          "sensitive_attributes": [
            [
              {
                "type": "get_attr",
                "value": "app_settings"
              },
              {
                "type": "index",
                "value": {
                  "value": "DOCKER_REGISTRY_SERVER_PASSWORD",
                  "type": "string"
                }
              }
            ]
          ],
          "private": "eyJlMmJmYjczMC1lY2FhLTExZTYtOGY4OC0zNDM2M2JjN2M0YzAiOnsiY3JlYXRlIjoxODAwMDAwMDAwMDAwLCJkZWxldGUiOjE4MDAwMDAwMDAwMDAsInJlYWQiOjMwMDAwMDAwMDAwMCwidXBkYXRlIjoxODAwMDAwMDAwMDAwfX0=",
          "dependencies": [
            "azurerm_app_service_plan.msappserviceplan",
            "azurerm_container_registry.azurecontainerregistry",
            "azurerm_resource_group.resourcegroup"
          ]
        }
      ]
    },
    {
      "mode": "managed",
      "type": "azurerm_app_service_plan",
      "name": "msappserviceplan",
      "provider": "provider[\"registry.terraform.io/hashicorp/azurerm\"]",
      "instances": [
        {
          "schema_version": 0,
          "attributes": {
            "app_service_environment_id": "",
            "id": "/subscriptions/777c3b0d-95fe-45ee-a36e-3784cc1918b1/resourceGroups/msrgiac/providers/Microsoft.Web/serverfarms/msaspiac",
            "is_xenon": false,
            "kind": "Windows",
            "location": "uksouth",
            "maximum_elastic_worker_count": 1,
            "maximum_number_of_workers": 10,
            "name": "msaspiac",
            "per_site_scaling": false,
            "reserved": false,
            "resource_group_name": "msrgiac",
            "sku": [
              {
                "capacity": 1,
                "size": "S1",
                "tier": "Standard"
              }
            ],
            "tags": {},
            "timeouts": null,
            "zone_redundant": false
          },
          "sensitive_attributes": [],
          "private": "eyJlMmJmYjczMC1lY2FhLTExZTYtOGY4OC0zNDM2M2JjN2M0YzAiOnsiY3JlYXRlIjozNjAwMDAwMDAwMDAwLCJkZWxldGUiOjM2MDAwMDAwMDAwMDAsInJlYWQiOjMwMDAwMDAwMDAwMCwidXBkYXRlIjozNjAwMDAwMDAwMDAwfX0=",
          "dependencies": [
            "azurerm_resource_group.resourcegroup"
          ]
        }
      ]
    },
    {
      "mode": "managed",
      "type": "azurerm_container_registry",
      "name": "azurecontainerregistry",
      "provider": "provider[\"registry.terraform.io/hashicorp/azurerm\"]",
      "instances": [
        {
          "schema_version": 2,
          "attributes": {
            "admin_enabled": true,
            "admin_password": "sjBYXx8sLuVC/LAx8zT5NpaI8ZxqA+/W3DIX1/GHsQ+ACRAxv9i4",
            "admin_username": "msazurecg",
            "anonymous_pull_enabled": false,
            "data_endpoint_enabled": false,
            "encryption": [
              {
                "enabled": false,
                "identity_client_id": "",
                "key_vault_key_id": ""
              }
            ],
            "export_policy_enabled": true,
            "georeplications": [],
            "id": "/subscriptions/777c3b0d-95fe-45ee-a36e-3784cc1918b1/resourceGroups/msrgiac/providers/Microsoft.ContainerRegistry/registries/msazurecg",
            "identity": [],
            "location": "uksouth",
            "login_server": "msazurecg.azurecr.io",
            "name": "msazurecg",
            "network_rule_bypass_option": "AzureServices",
            "network_rule_set": [],
            "public_network_access_enabled": true,
            "quarantine_policy_enabled": false,
            "resource_group_name": "msrgiac",
            "retention_policy": [
              {
                "days": 7,
                "enabled": false
              }
            ],
            "sku": "Standard",
            "tags": {},
            "timeouts": null,
            "trust_policy": [
              {
                "enabled": false
              }
            ],
            "zone_redundancy_enabled": false
          },
          "sensitive_attributes": [],
          "private": "eyJlMmJmYjczMC1lY2FhLTExZTYtOGY4OC0zNDM2M2JjN2M0YzAiOnsiY3JlYXRlIjoxODAwMDAwMDAwMDAwLCJkZWxldGUiOjE4MDAwMDAwMDAwMDAsInJlYWQiOjMwMDAwMDAwMDAwMCwidXBkYXRlIjoxODAwMDAwMDAwMDAwfSwic2NoZW1hX3ZlcnNpb24iOiIyIn0=",
          "dependencies": [
            "azurerm_resource_group.resourcegroup"
          ]
        }
      ]
    },
    {
      "mode": "managed",
      "type": "azurerm_resource_group",
      "name": "resourcegroup",
      "provider": "provider[\"registry.terraform.io/hashicorp/azurerm\"]",
      "instances": [
        {
          "schema_version": 0,
          "attributes": {
            "id": "/subscriptions/777c3b0d-95fe-45ee-a36e-3784cc1918b1/resourceGroups/msrgiac",
            "location": "uksouth",
            "name": "msrgiac",
            "tags": {},
            "timeouts": null
          },
          "sensitive_attributes": [],
          "private": "eyJlMmJmYjczMC1lY2FhLTExZTYtOGY4OC0zNDM2M2JjN2M0YzAiOnsiY3JlYXRlIjo1NDAwMDAwMDAwMDAwLCJkZWxldGUiOjU0MDAwMDAwMDAwMDAsInJlYWQiOjMwMDAwMDAwMDAwMCwidXBkYXRlIjo1NDAwMDAwMDAwMDAwfX0="
        }
      ]
    }
  ],
  "check_results": null
}
